
Microsoft Visual Studio Solution File, Format Version 12.00
Project("{FAE04EC0-301F-11D3-BF4B-00C04F79EFBC}") = "PlatformService", "src\PlatformService\PlatformService.csproj", "{7E5FF2EC-6F9D-4154-9ADF-C5F83DE789CD}"
EndProject
Project("{2150E333-8FDC-42A3-9474-1A3956D46DE8}") = "Solution Items", "Solution Items", "{8E937B56-1D5E-4FA7-87A4-CDB9F9A4CE42}"
	ProjectSection(SolutionItems) = preProject
		Directory.Build.props = Directory.Build.props
		Directory.Packages.props = Directory.Packages.props
	EndProjectSection
EndProject
Project("{2150E333-8FDC-42A3-9474-1A3956D46DE8}") = "src", "src", "{5F5EE37E-9BB0-4C24-8364-FAB7BFE45858}"
EndProject
Project("{2150E333-8FDC-42A3-9474-1A3956D46DE8}") = "container", "container", "{D25DF1FF-26C9-4173-8DA3-502DAB46F34E}"
	ProjectSection(SolutionItems) = preProject
		container\platforms-depl.yaml = container\platforms-depl.yaml
		container\docker-compose.yml = container\docker-compose.yml
	EndProjectSection
EndProject
Global
	GlobalSection(SolutionConfigurationPlatforms) = preSolution
		Debug|Any CPU = Debug|Any CPU
		Release|Any CPU = Release|Any CPU
	EndGlobalSection
	GlobalSection(ProjectConfigurationPlatforms) = postSolution
		{7E5FF2EC-6F9D-4154-9ADF-C5F83DE789CD}.Debug|Any CPU.ActiveCfg = Debug|Any CPU
		{7E5FF2EC-6F9D-4154-9ADF-C5F83DE789CD}.Debug|Any CPU.Build.0 = Debug|Any CPU
		{7E5FF2EC-6F9D-4154-9ADF-C5F83DE789CD}.Release|Any CPU.ActiveCfg = Release|Any CPU
		{7E5FF2EC-6F9D-4154-9ADF-C5F83DE789CD}.Release|Any CPU.Build.0 = Release|Any CPU
	EndGlobalSection
	GlobalSection(NestedProjects) = preSolution
		{7E5FF2EC-6F9D-4154-9ADF-C5F83DE789CD} = {5F5EE37E-9BB0-4C24-8364-FAB7BFE45858}
	EndGlobalSection
EndGlobal
